
Microsoft Visual Studio Solution File, Format Version 12.00
# Visual Studio 15
VisualStudioVersion = 15.0.28307.902
MinimumVisualStudioVersion = 10.0.40219.1
Project("{FAE04EC0-301F-11D3-BF4B-00C04F79EFBC}") = "Zoo.Core", "Zoo.Core\Zoo.Core.csproj", "{FDB4A5D4-54B4-47A2-AD25-6399AFD88760}"
EndProject
Global
	GlobalSection(SolutionConfigurationPlatforms) = preSolution
		Debug|Any CPU = Debug|Any CPU
		Release|Any CPU = Release|Any CPU
	EndGlobalSection
	GlobalSection(ProjectConfigurationPlatforms) = postSolution
		{FDB4A5D4-54B4-47A2-AD25-6399AFD88760}.Debug|Any CPU.ActiveCfg = Debug|Any CPU
		{FDB4A5D4-54B4-47A2-AD25-6399AFD88760}.Debug|Any CPU.Build.0 = Debug|Any CPU
		{FDB4A5D4-54B4-47A2-AD25-6399AFD88760}.Release|Any CPU.ActiveCfg = Release|Any CPU
		{FDB4A5D4-54B4-47A2-AD25-6399AFD88760}.Release|Any CPU.Build.0 = Release|Any CPU
	EndGlobalSection
	GlobalSection(SolutionProperties) = preSolution
		HideSolutionNode = FALSE
	EndGlobalSection
	GlobalSection(ExtensibilityGlobals) = postSolution
		SolutionGuid = {20C63070-459D-4847-874F-308B8C67AB68}
	EndGlobalSection
EndGlobal
